{
  "name": "edd6327e82560a99",
  "lockfileVersion": 2,
  "requires": true,
  "packages": {
    "": {
      "dependencies": {
        "create-next-app": "^15.1.6"
      }
    },
    "node_modules/create-next-app": {
      "version": "15.1.6",
      "resolved": "https://registry.npmjs.org/create-next-app/-/create-next-app-15.1.6.tgz",
      "integrity": "sha512-RxgPXJh1ofWCMhS+X9O/umfddzX80dMgkvpHHJGaLxP8z4RZoaWaiyg5jZRvtl3jea3Z6xh5jTiEzWRBnEIEZw==",
      "bin": {
        "create-next-app": "dist/index.js"
      },
      "engines": {
        "node": ">=18.18.0"
      }
    }
  },
  "dependencies": {
    "create-next-app": {
      "version": "15.1.6",
      "resolved": "https://registry.npmjs.org/create-next-app/-/create-next-app-15.1.6.tgz",
      "integrity": "sha512-RxgPXJh1ofWCMhS+X9O/umfddzX80dMgkvpHHJGaLxP8z4RZoaWaiyg5jZRvtl3jea3Z6xh5jTiEzWRBnEIEZw=="
    }
  }
}
